
Microsoft Visual Studio Solution File, Format Version 12.00
# Visual Studio Version 16
VisualStudioVersion = 16.0.31402.337
MinimumVisualStudioVersion = 10.0.40219.1
Project("{FAE04EC0-301F-11D3-BF4B-00C04F79EFBC}") = "Headlines", "Headlines.csproj", "{5D167AC0-C71C-4E70-83DB-0C573A191D23}"
EndProject
Global
	GlobalSection(SolutionConfigurationPlatforms) = preSolution
		Debug|Any CPU = Debug|Any CPU
		Release|Any CPU = Release|Any CPU
		My Build|Any CPU = My Build|Any CPU
	EndGlobalSection
	GlobalSection(ProjectConfigurationPlatforms) = postSolution
		{5D167AC0-C71C-4E70-83DB-0C573A191D23}.Debug|Any CPU.ActiveCfg = Debug|Any CPU
		{5D167AC0-C71C-4E70-83DB-0C573A191D23}.Debug|Any CPU.Build.0 = Debug|Any CPU
		{5D167AC0-C71C-4E70-83DB-0C573A191D23}.Release|Any CPU.ActiveCfg = Release|Any CPU
		{5D167AC0-C71C-4E70-83DB-0C573A191D23}.Release|Any CPU.Build.0 = Release|Any CPU
		{5D167AC0-C71C-4E70-83DB-0C573A191D23}.My Build|Any CPU.ActiveCfg = My Build|Any CPU
		{5D167AC0-C71C-4E70-83DB-0C573A191D23}.My Build|Any CPU.Build.0 = My Build|Any CPU
	EndGlobalSection
	GlobalSection(SolutionProperties) = preSolution
		HideSolutionNode = FALSE
	EndGlobalSection
	GlobalSection(ExtensibilityGlobals) = postSolution
		SolutionGuid = {0AC43911-D115-4D29-BCA2-4DC294FB4E00}
	EndGlobalSection
EndGlobal
